{
  "name": "@abdulraof628/image-light-box",
  "version": "1.0.2",
  "lockfileVersion": 2,
  "requires": true,
  "packages": {
    "": {
      "name": "@abdulraof628/image-light-box",
      "version": "1.0.2",
      "license": "ISC",
      "dependencies": {
        "@abdulraof628/image-light-box": "^1.0.1"
      }
    },
    "node_modules/@abdulraof628/image-light-box": {
      "version": "1.0.1",
      "resolved": "https://registry.npmjs.org/@abdulraof628/image-light-box/-/image-light-box-1.0.1.tgz",
      "integrity": "sha512-EYJQhas60Z4xxv05ghvkVpqkPW3pJQ4zYulRwrzI8YCsbOx5Yi2SKTL1M4GpqUjNMHJNRIdm2nMsOONe1V8tbg=="
    }
  },
  "dependencies": {
    "@abdulraof628/image-light-box": {
      "version": "1.0.1",
      "resolved": "https://registry.npmjs.org/@abdulraof628/image-light-box/-/image-light-box-1.0.1.tgz",
      "integrity": "sha512-EYJQhas60Z4xxv05ghvkVpqkPW3pJQ4zYulRwrzI8YCsbOx5Yi2SKTL1M4GpqUjNMHJNRIdm2nMsOONe1V8tbg=="
    }
  }
}
